
Microsoft Visual Studio Solution File, Format Version 12.00
# Visual Studio Version 17
VisualStudioVersion = 17.4.33213.308
MinimumVisualStudioVersion = 10.0.40219.1
Project("{FAE04EC0-301F-11D3-BF4B-00C04F79EFBC}") = "ConsoleApp1", "ConsoleApp1\ConsoleApp1.csproj", "{BA0613BD-D09F-42BF-B82D-0005166BA0A4}"
EndProject
Global
	GlobalSection(SolutionConfigurationPlatforms) = preSolution
		Debug|Any CPU = Debug|Any CPU
		Release|Any CPU = Release|Any CPU
	EndGlobalSection
	GlobalSection(ProjectConfigurationPlatforms) = postSolution
		{BA0613BD-D09F-42BF-B82D-0005166BA0A4}.Debug|Any CPU.ActiveCfg = Debug|Any CPU
		{BA0613BD-D09F-42BF-B82D-0005166BA0A4}.Debug|Any CPU.Build.0 = Debug|Any CPU
		{BA0613BD-D09F-42BF-B82D-0005166BA0A4}.Release|Any CPU.ActiveCfg = Release|Any CPU
		{BA0613BD-D09F-42BF-B82D-0005166BA0A4}.Release|Any CPU.Build.0 = Release|Any CPU
	EndGlobalSection
	GlobalSection(SolutionProperties) = preSolution
		HideSolutionNode = FALSE
	EndGlobalSection
	GlobalSection(ExtensibilityGlobals) = postSolution
		SolutionGuid = {9E6A5425-DD20-48EC-A9A9-BF112ECFEE54}
	EndGlobalSection
EndGlobal
